
Microsoft Visual Studio Solution File, Format Version 12.00
# Visual Studio Version 17
VisualStudioVersion = 17.8.34525.116
MinimumVisualStudioVersion = 10.0.40219.1
Project("{FAE04EC0-301F-11D3-BF4B-00C04F79EFBC}") = "EngineMasterCalculatorApp", "EngineMasterCalculatorApp.csproj", "{FAC4C034-A1E8-4E12-A187-89EA3EFB11A2}"
EndProject
Global
	GlobalSection(SolutionConfigurationPlatforms) = preSolution
		Debug|Any CPU = Debug|Any CPU
		Release|Any CPU = Release|Any CPU
	EndGlobalSection
	GlobalSection(ProjectConfigurationPlatforms) = postSolution
		{FAC4C034-A1E8-4E12-A187-89EA3EFB11A2}.Debug|Any CPU.ActiveCfg = Debug|Any CPU
		{FAC4C034-A1E8-4E12-A187-89EA3EFB11A2}.Debug|Any CPU.Build.0 = Debug|Any CPU
		{FAC4C034-A1E8-4E12-A187-89EA3EFB11A2}.Debug|Any CPU.Deploy.0 = Debug|Any CPU
		{FAC4C034-A1E8-4E12-A187-89EA3EFB11A2}.Release|Any CPU.ActiveCfg = Release|Any CPU
		{FAC4C034-A1E8-4E12-A187-89EA3EFB11A2}.Release|Any CPU.Build.0 = Release|Any CPU
		{FAC4C034-A1E8-4E12-A187-89EA3EFB11A2}.Release|Any CPU.Deploy.0 = Release|Any CPU
	EndGlobalSection
	GlobalSection(SolutionProperties) = preSolution
		HideSolutionNode = FALSE
	EndGlobalSection
	GlobalSection(ExtensibilityGlobals) = postSolution
		SolutionGuid = {9E462AAF-10F8-4F1E-8408-47D254F14ED4}
	EndGlobalSection
EndGlobal
